
Microsoft Visual Studio Solution File, Format Version 12.00
# Visual Studio Version 17
VisualStudioVersion = 17.8.34601.278
MinimumVisualStudioVersion = 10.0.40219.1
Project("{FAE04EC0-301F-11D3-BF4B-00C04F79EFBC}") = "Ecommerce", "Ecommerce\Ecommerce.csproj", "{0A9BB477-38FA-4981-A1E8-84F5E310FBAC}"
EndProject
Global
	GlobalSection(SolutionConfigurationPlatforms) = preSolution
		Debug|Any CPU = Debug|Any CPU
		Release|Any CPU = Release|Any CPU
	EndGlobalSection
	GlobalSection(ProjectConfigurationPlatforms) = postSolution
		{0A9BB477-38FA-4981-A1E8-84F5E310FBAC}.Debug|Any CPU.ActiveCfg = Debug|Any CPU
		{0A9BB477-38FA-4981-A1E8-84F5E310FBAC}.Debug|Any CPU.Build.0 = Debug|Any CPU
		{0A9BB477-38FA-4981-A1E8-84F5E310FBAC}.Debug|Any CPU.Deploy.0 = Debug|Any CPU
		{0A9BB477-38FA-4981-A1E8-84F5E310FBAC}.Release|Any CPU.ActiveCfg = Release|Any CPU
		{0A9BB477-38FA-4981-A1E8-84F5E310FBAC}.Release|Any CPU.Build.0 = Release|Any CPU
		{0A9BB477-38FA-4981-A1E8-84F5E310FBAC}.Release|Any CPU.Deploy.0 = Release|Any CPU
	EndGlobalSection
	GlobalSection(SolutionProperties) = preSolution
		HideSolutionNode = FALSE
	EndGlobalSection
	GlobalSection(ExtensibilityGlobals) = postSolution
		SolutionGuid = {D6AD2A0C-823B-4F3E-9FA1-252C245CBCA6}
	EndGlobalSection
EndGlobal
